{
  "originHash" : "2cbe4ac61bbdd2220f293d3b909004ff166c53131ca8dbf899193b773c10125b",
  "pins" : [
    {
      "identity" : "internedstrings",
      "kind" : "remoteSourceControl",
      "location" : "https://github.com/g-cqd/InternedStrings.git",
      "state" : {
        "branch" : "main",
        "revision" : "7213b1ccb93b05d6c92e25c013fbbd574296f0a1"
      }
    },
    {
      "identity" : "swift-syntax",
      "kind" : "remoteSourceControl",
      "location" : "https://github.com/swiftlang/swift-syntax.git",
      "state" : {
        "revision" : "4799286537280063c85a32f09884cfbca301b1a1",
        "version" : "602.0.0"
      }
    }
  ],
  "version" : 3
}
