{
  "originHash" : "2ab4e7502729949ab3ea64da112f9f3d689696ecfd3ff4eb341a1fc77e177e60",
  "pins" : [
    {
      "identity" : "internedstrings",
      "kind" : "remoteSourceControl",
      "location" : "https://github.com/g-cqd/InternedStrings.git",
      "state" : {
        "branch" : "main",
        "revision" : "0812aa8989c1368115bad4af38b7e0d762c61517"
      }
    },
    {
      "identity" : "swift-syntax",
      "kind" : "remoteSourceControl",
      "location" : "https://github.com/swiftlang/swift-syntax.git",
      "state" : {
        "revision" : "4799286537280063c85a32f09884cfbca301b1a1",
        "version" : "602.0.0"
      }
    }
  ],
  "version" : 3
}
